
Microsoft Visual Studio Solution File, Format Version 12.00
# Visual Studio 15
VisualStudioVersion = 15.0.28010.2041
MinimumVisualStudioVersion = 10.0.40219.1
Project("{888888A0-9F3D-457C-B088-3A5042F75D52}") = "tmp12", "tmp12\tmp12.pyproj", "{E0941A90-B436-49F0-92A1-40D59C1F83F5}"
EndProject
Global
	GlobalSection(SolutionConfigurationPlatforms) = preSolution
		Debug|Any CPU = Debug|Any CPU
		Release|Any CPU = Release|Any CPU
	EndGlobalSection
	GlobalSection(ProjectConfigurationPlatforms) = postSolution
		{E0941A90-B436-49F0-92A1-40D59C1F83F5}.Debug|Any CPU.ActiveCfg = Debug|Any CPU
		{E0941A90-B436-49F0-92A1-40D59C1F83F5}.Release|Any CPU.ActiveCfg = Release|Any CPU
	EndGlobalSection
	GlobalSection(SolutionProperties) = preSolution
		HideSolutionNode = FALSE
	EndGlobalSection
	GlobalSection(ExtensibilityGlobals) = postSolution
		SolutionGuid = {4700E594-BD53-417B-99F0-693901406F23}
	EndGlobalSection
EndGlobal
